
Microsoft Visual Studio Solution File, Format Version 12.00
# Visual Studio Version 17
VisualStudioVersion = 17.6.33815.320
MinimumVisualStudioVersion = 10.0.40219.1
Project("{FAE04EC0-301F-11D3-BF4B-00C04F79EFBC}") = "AI Artist Install Tool", "AI Artist Install Tool\AI Artist Install Tool.csproj", "{8F200D7A-4D38-48AD-9F88-1F4D2F4F1539}"
EndProject
Global
	GlobalSection(SolutionConfigurationPlatforms) = preSolution
		Debug|Any CPU = Debug|Any CPU
		Release|Any CPU = Release|Any CPU
	EndGlobalSection
	GlobalSection(ProjectConfigurationPlatforms) = postSolution
		{8F200D7A-4D38-48AD-9F88-1F4D2F4F1539}.Debug|Any CPU.ActiveCfg = Debug|Any CPU
		{8F200D7A-4D38-48AD-9F88-1F4D2F4F1539}.Debug|Any CPU.Build.0 = Debug|Any CPU
		{8F200D7A-4D38-48AD-9F88-1F4D2F4F1539}.Release|Any CPU.ActiveCfg = Release|Any CPU
		{8F200D7A-4D38-48AD-9F88-1F4D2F4F1539}.Release|Any CPU.Build.0 = Release|Any CPU
	EndGlobalSection
	GlobalSection(SolutionProperties) = preSolution
		HideSolutionNode = FALSE
	EndGlobalSection
	GlobalSection(ExtensibilityGlobals) = postSolution
		SolutionGuid = {5A64DEA1-7A5A-4DED-B2A1-798B88FED195}
	EndGlobalSection
EndGlobal
